// !$*UTF8*$!
{
	archiveVersion = 1;
	classes = {
	};
	objectVersion = 56;
	objects = {

/* Begin PBXBuildFile section */
		AC49F2B42BDD254F0065B09C /* RoyalWarsawStrollApp.swift in Sources */ = {isa = PBXBuildFile; fileRef = AC49F2B32BDD254F0065B09C /* RoyalWarsawStrollApp.swift */; };
		AC49F2B62BDD254F0065B09C /* ContentView.swift in Sources */ = {isa = PBXBuildFile; fileRef = AC49F2B52BDD254F0065B09C /* ContentView.swift */; };
		AC49F2B82BDD254F0065B09C /* Assets.xcassets in Resources */ = {isa = PBXBuildFile; fileRef = AC49F2B72BDD254F0065B09C /* Assets.xcassets */; };
		AC49F2BB2BDD254F0065B09C /* Preview Assets.xcassets in Resources */ = {isa = PBXBuildFile; fileRef = AC49F2BA2BDD254F0065B09C /* Preview Assets.xcassets */; };
		AC49F2CB2BDD254F0065B09C /* LansmarkListView.swift in Sources */ = {isa = PBXBuildFile; fileRef = AC49F2CA2BDD254F0065B09C /* LansmarkListView.swift */; };
		AC49F2CD2BDD254F0065B09C /* LandMark.swift in Sources */ = {isa = PBXBuildFile; fileRef = AC49F2CC2BDD254F0065B09C /* LandMark.swift */; };
/* End PBXBuildFile section */

/* Begin PBXFileReference section */
		AC49F2B02BDD254F0065B09C /* RoyalWarsawStroll.app */ = {isa = PBXFileReference; explicitFileType = wrapper.application; includeInIndex = 0; path = RoyalWarsawStroll.app; sourceTree = BUILT_PRODUCTS_DIR; };
		AC49F2B32BDD254F0065B09C /* RoyalWarsawStrollApp.swift */ = {isa = PBXFileReference; lastKnownFileType = sourcecode.swift; path = RoyalWarsawStrollApp.swift; sourceTree = "<group>"; };
		AC49F2B52BDD254F0065B09C /* ContentView.swift */ = {isa = PBXFileReference; lastKnownFileType = sourcecode.swift; path = ContentView.swift; sourceTree = "<group>"; };
		AC49F2B72BDD254F0065B09C /* Assets.xcassets */ = {isa = PBXFileReference; lastKnownFileType = folder.assetcatalog; path = Assets.xcassets; sourceTree = "<group>"; };
		AC49F2BA2BDD254F0065B09C /* Preview Assets.xcassets */ = {isa = PBXFileReference; lastKnownFileType = folder.assetcatalog; path = "Preview Assets.xcassets"; sourceTree = "<group>"; };
		AC49F2CA2BDD254F0065B09C /* LansmarkListView.swift */ = {isa = PBXFileReference; lastKnownFileType = sourcecode.swift; path = LansmarkListView.swift; sourceTree = "<group>"; };
		AC49F2CC2BDD254F0065B09C /* LandMark.swift */ = {isa = PBXFileReference; lastKnownFileType = sourcecode.swift; path = LandMark.swift; sourceTree = "<group>"; };
/* End PBXFileReference section */

/* Begin PBXFrameworksBuildPhase section */
		AC49F2AD2BDD254F0065B09C /* Frameworks */ = {
			isa = PBXFrameworksBuildPhase;
			buildActionMask = 2147483647;
			files = (
			);
			runOnlyForDeploymentPostprocessing = 0;
		};
/* End PBXFrameworksBuildPhase section */

/* Begin PBXGroup section */
		AC49F2A72BDD254F0065B09C = {
			isa = PBXGroup;
			children = (
				AC49F2B22BDD254F0065B09C /* RoyalWarsawStroll */,
				AC49F2B12BDD254F0065B09C /* Products */,
			);
			sourceTree = "<group>";
		};
		AC49F2B12BDD254F0065B09C /* Products */ = {
			isa = PBXGroup;
			children = (
				AC49F2B02BDD254F0065B09C /* RoyalWarsawStroll.app */,
			);
			name = Products;
			sourceTree = "<group>";
		};
		AC49F2B22BDD254F0065B09C /* RoyalWarsawStroll */ = {
			isa = PBXGroup;
			children = (
				AC49F2C32BDD254F0065B09C /* ViewControllers */,
				AC49F2C22BDD254F0065B09C /* Models */,
				AC49F2C42BDD254F0065B09C /* Views */,
				AC49F2B32BDD254F0065B09C /* RoyalWarsawStrollApp.swift */,
				AC49F2B52BDD254F0065B09C /* ContentView.swift */,
				AC49F2B72BDD254F0065B09C /* Assets.xcassets */,
				AC49F2B92BDD254F0065B09C /* Preview Content */,
			);
			path = RoyalWarsawStroll;
			sourceTree = "<group>";
		};
		AC49F2B92BDD254F0065B09C /* Preview Content */ = {
			isa = PBXGroup;
			children = (
				AC49F2BA2BDD254F0065B09C /* Preview Assets.xcassets */,
			);
			path = "Preview Content";
			sourceTree = "<group>";
		};
		AC49F2C22BDD254F0065B09C /* Models */ = {
			isa = PBXGroup;
			children = (
				AC49F2CC2BDD254F0065B09C /* LandMark.swift */,
			);
			path = Models;
			sourceTree = "<group>";
		};
		AC49F2C32BDD254F0065B09C /* ViewControllers */ = {
			isa = PBXGroup;
			children = (
			);
			path = ViewControllers;
			sourceTree = "<group>";
		};
		AC49F2C42BDD254F0065B09C /* Views */ = {
			isa = PBXGroup;
			children = (
				AC49F2C52BDD254F0065B09C /* Components */,
				AC49F2CA2BDD254F0065B09C /* LansmarkListView.swift */,
			);
			path = Views;
			sourceTree = "<group>";
		};
		AC49F2C52BDD254F0065B09C /* Components */ = {
			isa = PBXGroup;
			children = (
			);
			path = Components;
			sourceTree = "<group>";
		};
/* End PBXGroup section */

/* Begin PBXNativeTarget section */
		AC49F2AF2BDD254F0065B09C /* RoyalWarsawStroll */ = {
			isa = PBXNativeTarget;
			buildConfigurationList = AC49F2BE2BDD254F0065B09C /* Build configuration list for PBXNativeTarget "RoyalWarsawStroll" */;
			buildPhases = (
				AC49F2AC2BDD254F0065B09C /* Sources */,
				AC49F2AD2BDD254F0065B09C /* Frameworks */,
				AC49F2AE2BDD254F0065B09C /* Resources */,
			);
			buildRules = (
			);
			dependencies = (
			);
			name = RoyalWarsawStroll;
			productName = RoyalWarsawStroll;
			productReference = AC49F2B02BDD254F0065B09C /* RoyalWarsawStroll.app */;
			productType = "com.apple.product-type.application";
		};
/* End PBXNativeTarget section */

/* Begin PBXProject section */
		AC49F2A82BDD254F0065B09C /* Project object */ = {
			isa = PBXProject;
			attributes = {
				BuildIndependentTargetsInParallel = 1;
				LastSwiftUpdateCheck = 1530;
				LastUpgradeCheck = 1530;
				TargetAttributes = {
					AC49F2AF2BDD254F0065B09C = {
						CreatedOnToolsVersion = 15.3;
					};
				};
			};
			buildConfigurationList = AC49F2AB2BDD254F0065B09C /* Build configuration list for PBXProject "RoyalWarsawStroll" */;
			compatibilityVersion = "Xcode 14.0";
			developmentRegion = en;
			hasScannedForEncodings = 0;
			knownRegions = (
				en,
				Base,
			);
			mainGroup = AC49F2A72BDD254F0065B09C;
			productRefGroup = AC49F2B12BDD254F0065B09C /* Products */;
			projectDirPath = "";
			projectRoot = "";
			targets = (
				AC49F2AF2BDD254F0065B09C /* RoyalWarsawStroll */,
			);
		};
/* End PBXProject section */

/* Begin PBXResourcesBuildPhase section */
		AC49F2AE2BDD254F0065B09C /* Resources */ = {
			isa = PBXResourcesBuildPhase;
			buildActionMask = 2147483647;
			files = (
				AC49F2BB2BDD254F0065B09C /* Preview Assets.xcassets in Resources */,
				AC49F2B82BDD254F0065B09C /* Assets.xcassets in Resources */,
			);
			runOnlyForDeploymentPostprocessing = 0;
		};
/* End PBXResourcesBuildPhase section */

/* Begin PBXSourcesBuildPhase section */
		AC49F2AC2BDD254F0065B09C /* Sources */ = {
			isa = PBXSourcesBuildPhase;
			buildActionMask = 2147483647;
			files = (
				AC49F2B62BDD254F0065B09C /* ContentView.swift in Sources */,
				AC49F2B42BDD254F0065B09C /* RoyalWarsawStrollApp.swift in Sources */,
				AC49F2CB2BDD254F0065B09C /* LansmarkListView.swift in Sources */,
				AC49F2CD2BDD254F0065B09C /* LandMark.swift in Sources */,
			);
			runOnlyForDeploymentPostprocessing = 0;
		};
/* End PBXSourcesBuildPhase section */

/* Begin XCBuildConfiguration section */
		AC49F2BC2BDD254F0065B09C /* Debug */ = {
			isa = XCBuildConfiguration;
			buildSettings = {
				ALWAYS_SEARCH_USER_PATHS = NO;
				ASSETCATALOG_COMPILER_GENERATE_SWIFT_ASSET_SYMBOL_EXTENSIONS = YES;
				CLANG_ANALYZER_NONNULL = YES;
				CLANG_ANALYZER_NUMBER_OBJECT_CONVERSION = YES_AGGRESSIVE;
				CLANG_CXX_LANGUAGE_STANDARD = "gnu++20";
				CLANG_ENABLE_MODULES = YES;
				CLANG_ENABLE_OBJC_ARC = YES;
				CLANG_ENABLE_OBJC_WEAK = YES;
				CLANG_WARN_BLOCK_CAPTURE_AUTORELEASING = YES;
				CLANG_WARN_BOOL_CONVERSION = YES;
				CLANG_WARN_COMMA = YES;
				CLANG_WARN_CONSTANT_CONVERSION = YES;
				CLANG_WARN_DEPRECATED_OBJC_IMPLEMENTATIONS = YES;
				CLANG_WARN_DIRECT_OBJC_ISA_USAGE = YES_ERROR;
				CLANG_WARN_DOCUMENTATION_COMMENTS = YES;
				CLANG_WARN_EMPTY_BODY = YES;
				CLANG_WARN_ENUM_CONVERSION = YES;
				CLANG_WARN_INFINITE_RECURSION = YES;
				CLANG_WARN_INT_CONVERSION = YES;
				CLANG_WARN_NON_LITERAL_NULL_CONVERSION = YES;
				CLANG_WARN_OBJC_IMPLICIT_RETAIN_SELF = YES;
				CLANG_WARN_OBJC_LITERAL_CONVERSION = YES;
				CLANG_WARN_OBJC_ROOT_CLASS = YES_ERROR;
				CLANG_WARN_QUOTED_INCLUDE_IN_FRAMEWORK_HEADER = YES;
				CLANG_WARN_RANGE_LOOP_ANALYSIS = YES;
				CLANG_WARN_STRICT_PROTOTYPES = YES;
				CLANG_WARN_SUSPICIOUS_MOVE = YES;
				CLANG_WARN_UNGUARDED_AVAILABILITY = YES_AGGRESSIVE;
				CLANG_WARN_UNREACHABLE_CODE = YES;
				CLANG_WARN__DUPLICATE_METHOD_MATCH = YES;
				COPY_PHASE_STRIP = NO;
				DEBUG_INFORMATION_FORMAT = dwarf;
				ENABLE_STRICT_OBJC_MSGSEND = YES;
				ENABLE_TESTABILITY = YES;
				ENABLE_USER_SCRIPT_SANDBOXING = YES;
				GCC_C_LANGUAGE_STANDARD = gnu17;
				GCC_DYNAMIC_NO_PIC = NO;
				GCC_NO_COMMON_BLOCKS = YES;
				GCC_OPTIMIZATION_LEVEL = 0;
				GCC_PREPROCESSOR_DEFINITIONS = (
					"DEBUG=1",
					"$(inherited)",
				);
				GCC_WARN_64_TO_32_BIT_CONVERSION = YES;
				GCC_WARN_ABOUT_RETURN_TYPE = YES_ERROR;
				GCC_WARN_UNDECLARED_SELECTOR = YES;
				GCC_WARN_UNINITIALIZED_AUTOS = YES_AGGRESSIVE;
				GCC_WARN_UNUSED_FUNCTION = YES;
				GCC_WARN_UNUSED_VARIABLE = YES;
				IPHONEOS_DEPLOYMENT_TARGET = 17.4;
				LOCALIZATION_PREFERS_STRING_CATALOGS = YES;
				MTL_ENABLE_DEBUG_INFO = INCLUDE_SOURCE;
				MTL_FAST_MATH = YES;
				ONLY_ACTIVE_ARCH = YES;
				SDKROOT = iphoneos;
				SWIFT_ACTIVE_COMPILATION_CONDITIONS = "DEBUG $(inherited)";
				SWIFT_OPTIMIZATION_LEVEL = "-Onone";
			};
			name = Debug;
		};
		AC49F2BD2BDD254F0065B09C /* Release */ = {
			isa = XCBuildConfiguration;
			buildSettings = {
				ALWAYS_SEARCH_USER_PATHS = NO;
				ASSETCATALOG_COMPILER_GENERATE_SWIFT_ASSET_SYMBOL_EXTENSIONS = YES;
				CLANG_ANALYZER_NONNULL = YES;
				CLANG_ANALYZER_NUMBER_OBJECT_CONVERSION = YES_AGGRESSIVE;
				CLANG_CXX_LANGUAGE_STANDARD = "gnu++20";
				CLANG_ENABLE_MODULES = YES;
				CLANG_ENABLE_OBJC_ARC = YES;
				CLANG_ENABLE_OBJC_WEAK = YES;
				CLANG_WARN_BLOCK_CAPTURE_AUTORELEASING = YES;
				CLANG_WARN_BOOL_CONVERSION = YES;
				CLANG_WARN_COMMA = YES;
				CLANG_WARN_CONSTANT_CONVERSION = YES;
				CLANG_WARN_DEPRECATED_OBJC_IMPLEMENTATIONS = YES;
				CLANG_WARN_DIRECT_OBJC_ISA_USAGE = YES_ERROR;
				CLANG_WARN_DOCUMENTATION_COMMENTS = YES;
				CLANG_WARN_EMPTY_BODY = YES;
				CLANG_WARN_ENUM_CONVERSION = YES;
				CLANG_WARN_INFINITE_RECURSION = YES;
				CLANG_WARN_INT_CONVERSION = YES;
				CLANG_WARN_NON_LITERAL_NULL_CONVERSION = YES;
				CLANG_WARN_OBJC_IMPLICIT_RETAIN_SELF = YES;
				CLANG_WARN_OBJC_LITERAL_CONVERSION = YES;
				CLANG_WARN_OBJC_ROOT_CLASS = YES_ERROR;
				CLANG_WARN_QUOTED_INCLUDE_IN_FRAMEWORK_HEADER = YES;
				CLANG_WARN_RANGE_LOOP_ANALYSIS = YES;
				CLANG_WARN_STRICT_PROTOTYPES = YES;
				CLANG_WARN_SUSPICIOUS_MOVE = YES;
				CLANG_WARN_UNGUARDED_AVAILABILITY = YES_AGGRESSIVE;
				CLANG_WARN_UNREACHABLE_CODE = YES;
				CLANG_WARN__DUPLICATE_METHOD_MATCH = YES;
				COPY_PHASE_STRIP = NO;
				DEBUG_INFORMATION_FORMAT = "dwarf-with-dsym";
				ENABLE_NS_ASSERTIONS = NO;
				ENABLE_STRICT_OBJC_MSGSEND = YES;
				ENABLE_USER_SCRIPT_SANDBOXING = YES;
				GCC_C_LANGUAGE_STANDARD = gnu17;
				GCC_NO_COMMON_BLOCKS = YES;
				GCC_WARN_64_TO_32_BIT_CONVERSION = YES;
				GCC_WARN_ABOUT_RETURN_TYPE = YES_ERROR;
				GCC_WARN_UNDECLARED_SELECTOR = YES;
				GCC_WARN_UNINITIALIZED_AUTOS = YES_AGGRESSIVE;
				GCC_WARN_UNUSED_FUNCTION = YES;
				GCC_WARN_UNUSED_VARIABLE = YES;
				IPHONEOS_DEPLOYMENT_TARGET = 17.4;
				LOCALIZATION_PREFERS_STRING_CATALOGS = YES;
				MTL_ENABLE_DEBUG_INFO = NO;
				MTL_FAST_MATH = YES;
				SDKROOT = iphoneos;
				SWIFT_COMPILATION_MODE = wholemodule;
				VALIDATE_PRODUCT = YES;
			};
			name = Release;
		};
		AC49F2BF2BDD254F0065B09C /* Debug */ = {
			isa = XCBuildConfiguration;
			buildSettings = {
				ASSETCATALOG_COMPILER_APPICON_NAME = AppIcon;
				ASSETCATALOG_COMPILER_GLOBAL_ACCENT_COLOR_NAME = AccentColor;
				CODE_SIGN_STYLE = Automatic;
				CURRENT_PROJECT_VERSION = 1;
				DEVELOPMENT_ASSET_PATHS = "\"RoyalWarsawStroll/Preview Content\"";
				DEVELOPMENT_TEAM = S5RNXZGRV7;
				ENABLE_PREVIEWS = YES;
				GENERATE_INFOPLIST_FILE = YES;
				INFOPLIST_KEY_UIApplicationSceneManifest_Generation = YES;
				INFOPLIST_KEY_UIApplicationSupportsIndirectInputEvents = YES;
				INFOPLIST_KEY_UILaunchScreen_Generation = YES;
				INFOPLIST_KEY_UISupportedInterfaceOrientations_iPad = "UIInterfaceOrientationPortrait UIInterfaceOrientationPortraitUpsideDown UIInterfaceOrientationLandscapeLeft UIInterfaceOrientationLandscapeRight";
				INFOPLIST_KEY_UISupportedInterfaceOrientations_iPhone = "UIInterfaceOrientationPortrait UIInterfaceOrientationLandscapeLeft UIInterfaceOrientationLandscapeRight";
				IPHONEOS_DEPLOYMENT_TARGET = 16.4;
				LD_RUNPATH_SEARCH_PATHS = (
					"$(inherited)",
					"@executable_path/Frameworks",
				);
				MARKETING_VERSION = 1.0;
				PRODUCT_BUNDLE_IDENTIFIER = hidaha.com.RoyalWarsawStroll;
				PRODUCT_NAME = "$(TARGET_NAME)";
				SWIFT_EMIT_LOC_STRINGS = YES;
				SWIFT_VERSION = 5.0;
				TARGETED_DEVICE_FAMILY = "1,2";
			};
			name = Debug;
		};
		AC49F2C02BDD254F0065B09C /* Release */ = {
			isa = XCBuildConfiguration;
			buildSettings = {
				ASSETCATALOG_COMPILER_APPICON_NAME = AppIcon;
				ASSETCATALOG_COMPILER_GLOBAL_ACCENT_COLOR_NAME = AccentColor;
				CODE_SIGN_STYLE = Automatic;
				CURRENT_PROJECT_VERSION = 1;
				DEVELOPMENT_ASSET_PATHS = "\"RoyalWarsawStroll/Preview Content\"";
				DEVELOPMENT_TEAM = S5RNXZGRV7;
				ENABLE_PREVIEWS = YES;
				GENERATE_INFOPLIST_FILE = YES;
				INFOPLIST_KEY_UIApplicationSceneManifest_Generation = YES;
				INFOPLIST_KEY_UIApplicationSupportsIndirectInputEvents = YES;
				INFOPLIST_KEY_UILaunchScreen_Generation = YES;
				INFOPLIST_KEY_UISupportedInterfaceOrientations_iPad = "UIInterfaceOrientationPortrait UIInterfaceOrientationPortraitUpsideDown UIInterfaceOrientationLandscapeLeft UIInterfaceOrientationLandscapeRight";
				INFOPLIST_KEY_UISupportedInterfaceOrientations_iPhone = "UIInterfaceOrientationPortrait UIInterfaceOrientationLandscapeLeft UIInterfaceOrientationLandscapeRight";
				IPHONEOS_DEPLOYMENT_TARGET = 16.4;
				LD_RUNPATH_SEARCH_PATHS = (
					"$(inherited)",
					"@executable_path/Frameworks",
				);
				MARKETING_VERSION = 1.0;
				PRODUCT_BUNDLE_IDENTIFIER = hidaha.com.RoyalWarsawStroll;
				PRODUCT_NAME = "$(TARGET_NAME)";
				SWIFT_EMIT_LOC_STRINGS = YES;
				SWIFT_VERSION = 5.0;
				TARGETED_DEVICE_FAMILY = "1,2";
			};
			name = Release;
		};
/* End XCBuildConfiguration section */

/* Begin XCConfigurationList section */
		AC49F2AB2BDD254F0065B09C /* Build configuration list for PBXProject "RoyalWarsawStroll" */ = {
			isa = XCConfigurationList;
			buildConfigurations = (
				AC49F2BC2BDD254F0065B09C /* Debug */,
				AC49F2BD2BDD254F0065B09C /* Release */,
			);
			defaultConfigurationIsVisible = 0;
			defaultConfigurationName = Release;
		};
		AC49F2BE2BDD254F0065B09C /* Build configuration list for PBXNativeTarget "RoyalWarsawStroll" */ = {
			isa = XCConfigurationList;
			buildConfigurations = (
				AC49F2BF2BDD254F0065B09C /* Debug */,
				AC49F2C02BDD254F0065B09C /* Release */,
			);
			defaultConfigurationIsVisible = 0;
			defaultConfigurationName = Release;
		};
/* End XCConfigurationList section */
	};
	rootObject = AC49F2A82BDD254F0065B09C /* Project object */;
}
